
Microsoft Visual Studio Solution File, Format Version 12.00
# Visual Studio 15
VisualStudioVersion = 15.0.27004.2009
MinimumVisualStudioVersion = 10.0.40219.1
Project("{FAE04EC0-301F-11D3-BF4B-00C04F79EFBC}") = "AppPoolManager", "AppPoolManager\AppPoolManager.csproj", "{A5106E84-2642-48EC-BB59-4664FAACB05F}"
EndProject
Project("{2150E333-8FDC-42A3-9474-1A3956D46DE8}") = "Tests", "Tests", "{E3800140-68A7-4E11-9040-B418ADCE9A1B}"
	ProjectSection(SolutionItems) = preProject
		README.txt = README.txt
	EndProjectSection
EndProject
Project("{2150E333-8FDC-42A3-9474-1A3956D46DE8}") = "Web", "Web", "{30D1EA25-0C5D-44AC-8518-09A36AAF21FC}"
EndProject
Project("{2150E333-8FDC-42A3-9474-1A3956D46DE8}") = "Managers", "Managers", "{9AF104FE-9719-4C9F-A08F-1267725F7434}"
EndProject
Project("{FAE04EC0-301F-11D3-BF4B-00C04F79EFBC}") = "RedisManager", "RedisManager\RedisManager.csproj", "{AD897FFE-A86E-4AF5-8B69-C1104D3E8A84}"
EndProject
Project("{FAE04EC0-301F-11D3-BF4B-00C04F79EFBC}") = "PerformanceManager", "PerformanceManager\PerformanceManager.csproj", "{D8E3D147-C34D-4039-ADBF-B4672DEC63BE}"
EndProject
Project("{FAE04EC0-301F-11D3-BF4B-00C04F79EFBC}") = "WebUI.FullFramework", "WebUI.FullFramework\WebUI.FullFramework.csproj", "{E34ADE30-F9CF-4D98-A775-7A17E1BD64D4}"
EndProject
Project("{FAE04EC0-301F-11D3-BF4B-00C04F79EFBC}") = "WebUI.FullFramework.Tests", "WebUI.FullFramework.Tests\WebUI.FullFramework.Tests.csproj", "{D6DA8297-89AB-42B5-8B07-53E19854D05A}"
EndProject
Project("{FAE04EC0-301F-11D3-BF4B-00C04F79EFBC}") = "DataAccessLayer", "DataAccessLayer\DataAccessLayer.csproj", "{CFA6F107-DA40-43F8-AA5C-AAD47A7BB1D8}"
EndProject
Project("{FAE04EC0-301F-11D3-BF4B-00C04F79EFBC}") = "BLL", "BLL\BLL.csproj", "{BA2E7B9D-1848-4E87-8BC0-31292660EDFE}"
EndProject
Project("{FAE04EC0-301F-11D3-BF4B-00C04F79EFBC}") = "TrainingConsoleUI", "TrainingConsoleUI\TrainingConsoleUI.csproj", "{91E8C7F3-DD10-4E4B-9E09-9D3151F44F4E}"
EndProject
Project("{FAE04EC0-301F-11D3-BF4B-00C04F79EFBC}") = "MssqlManager", "MssqlManager\MssqlManager.csproj", "{0856C756-AE16-4E15-8E6D-D8B472ED5D9C}"
EndProject
Project("{FAE04EC0-301F-11D3-BF4B-00C04F79EFBC}") = "FileSystemManager", "FileSystemManager\FileSystemManager.csproj", "{05828741-68AC-4DA5-A255-06F4D8BC15CC}"
EndProject
Project("{FAE04EC0-301F-11D3-BF4B-00C04F79EFBC}") = "PrepareTestData", "PrepareTestData\PrepareTestData.csproj", "{4C990870-0A36-4326-9B14-45A099BED8FB}"
EndProject
Project("{FAE04EC0-301F-11D3-BF4B-00C04F79EFBC}") = "UnitTestUtils", "UnitTestUtils\UnitTestUtils.csproj", "{08209B97-939A-42F2-B853-3B77E9128299}"
EndProject
Project("{FAE04EC0-301F-11D3-BF4B-00C04F79EFBC}") = "BpmonlineIntegrationManager", "BpmonlineIntegrationManager\BpmonlineIntegrationManager.csproj", "{0A9C3FCD-A814-460F-BB40-E1D0E9DEEDB0}"
EndProject
Global
	GlobalSection(SolutionConfigurationPlatforms) = preSolution
		Debug|Any CPU = Debug|Any CPU
		Release|Any CPU = Release|Any CPU
	EndGlobalSection
	GlobalSection(ProjectConfigurationPlatforms) = postSolution
		{A5106E84-2642-48EC-BB59-4664FAACB05F}.Debug|Any CPU.ActiveCfg = Debug|Any CPU
		{A5106E84-2642-48EC-BB59-4664FAACB05F}.Debug|Any CPU.Build.0 = Debug|Any CPU
		{A5106E84-2642-48EC-BB59-4664FAACB05F}.Release|Any CPU.ActiveCfg = Release|Any CPU
		{A5106E84-2642-48EC-BB59-4664FAACB05F}.Release|Any CPU.Build.0 = Release|Any CPU
		{AD897FFE-A86E-4AF5-8B69-C1104D3E8A84}.Debug|Any CPU.ActiveCfg = Debug|Any CPU
		{AD897FFE-A86E-4AF5-8B69-C1104D3E8A84}.Debug|Any CPU.Build.0 = Debug|Any CPU
		{AD897FFE-A86E-4AF5-8B69-C1104D3E8A84}.Release|Any CPU.ActiveCfg = Release|Any CPU
		{AD897FFE-A86E-4AF5-8B69-C1104D3E8A84}.Release|Any CPU.Build.0 = Release|Any CPU
		{D8E3D147-C34D-4039-ADBF-B4672DEC63BE}.Debug|Any CPU.ActiveCfg = Debug|Any CPU
		{D8E3D147-C34D-4039-ADBF-B4672DEC63BE}.Debug|Any CPU.Build.0 = Debug|Any CPU
		{D8E3D147-C34D-4039-ADBF-B4672DEC63BE}.Release|Any CPU.ActiveCfg = Release|Any CPU
		{D8E3D147-C34D-4039-ADBF-B4672DEC63BE}.Release|Any CPU.Build.0 = Release|Any CPU
		{E34ADE30-F9CF-4D98-A775-7A17E1BD64D4}.Debug|Any CPU.ActiveCfg = Debug|Any CPU
		{E34ADE30-F9CF-4D98-A775-7A17E1BD64D4}.Debug|Any CPU.Build.0 = Debug|Any CPU
		{E34ADE30-F9CF-4D98-A775-7A17E1BD64D4}.Release|Any CPU.ActiveCfg = Release|Any CPU
		{E34ADE30-F9CF-4D98-A775-7A17E1BD64D4}.Release|Any CPU.Build.0 = Release|Any CPU
		{D6DA8297-89AB-42B5-8B07-53E19854D05A}.Debug|Any CPU.ActiveCfg = Debug|Any CPU
		{D6DA8297-89AB-42B5-8B07-53E19854D05A}.Debug|Any CPU.Build.0 = Debug|Any CPU
		{D6DA8297-89AB-42B5-8B07-53E19854D05A}.Release|Any CPU.ActiveCfg = Release|Any CPU
		{D6DA8297-89AB-42B5-8B07-53E19854D05A}.Release|Any CPU.Build.0 = Release|Any CPU
		{CFA6F107-DA40-43F8-AA5C-AAD47A7BB1D8}.Debug|Any CPU.ActiveCfg = Debug|Any CPU
		{CFA6F107-DA40-43F8-AA5C-AAD47A7BB1D8}.Debug|Any CPU.Build.0 = Debug|Any CPU
		{CFA6F107-DA40-43F8-AA5C-AAD47A7BB1D8}.Release|Any CPU.ActiveCfg = Release|Any CPU
		{CFA6F107-DA40-43F8-AA5C-AAD47A7BB1D8}.Release|Any CPU.Build.0 = Release|Any CPU
		{BA2E7B9D-1848-4E87-8BC0-31292660EDFE}.Debug|Any CPU.ActiveCfg = Debug|Any CPU
		{BA2E7B9D-1848-4E87-8BC0-31292660EDFE}.Debug|Any CPU.Build.0 = Debug|Any CPU
		{BA2E7B9D-1848-4E87-8BC0-31292660EDFE}.Release|Any CPU.ActiveCfg = Release|Any CPU
		{BA2E7B9D-1848-4E87-8BC0-31292660EDFE}.Release|Any CPU.Build.0 = Release|Any CPU
		{91E8C7F3-DD10-4E4B-9E09-9D3151F44F4E}.Debug|Any CPU.ActiveCfg = Debug|Any CPU
		{91E8C7F3-DD10-4E4B-9E09-9D3151F44F4E}.Debug|Any CPU.Build.0 = Debug|Any CPU
		{91E8C7F3-DD10-4E4B-9E09-9D3151F44F4E}.Release|Any CPU.ActiveCfg = Release|Any CPU
		{91E8C7F3-DD10-4E4B-9E09-9D3151F44F4E}.Release|Any CPU.Build.0 = Release|Any CPU
		{0856C756-AE16-4E15-8E6D-D8B472ED5D9C}.Debug|Any CPU.ActiveCfg = Debug|Any CPU
		{0856C756-AE16-4E15-8E6D-D8B472ED5D9C}.Debug|Any CPU.Build.0 = Debug|Any CPU
		{0856C756-AE16-4E15-8E6D-D8B472ED5D9C}.Release|Any CPU.ActiveCfg = Release|Any CPU
		{0856C756-AE16-4E15-8E6D-D8B472ED5D9C}.Release|Any CPU.Build.0 = Release|Any CPU
		{05828741-68AC-4DA5-A255-06F4D8BC15CC}.Debug|Any CPU.ActiveCfg = Debug|Any CPU
		{05828741-68AC-4DA5-A255-06F4D8BC15CC}.Debug|Any CPU.Build.0 = Debug|Any CPU
		{05828741-68AC-4DA5-A255-06F4D8BC15CC}.Release|Any CPU.ActiveCfg = Release|Any CPU
		{05828741-68AC-4DA5-A255-06F4D8BC15CC}.Release|Any CPU.Build.0 = Release|Any CPU
		{4C990870-0A36-4326-9B14-45A099BED8FB}.Debug|Any CPU.ActiveCfg = Debug|Any CPU
		{4C990870-0A36-4326-9B14-45A099BED8FB}.Debug|Any CPU.Build.0 = Debug|Any CPU
		{4C990870-0A36-4326-9B14-45A099BED8FB}.Release|Any CPU.ActiveCfg = Release|Any CPU
		{4C990870-0A36-4326-9B14-45A099BED8FB}.Release|Any CPU.Build.0 = Release|Any CPU
		{08209B97-939A-42F2-B853-3B77E9128299}.Debug|Any CPU.ActiveCfg = Debug|Any CPU
		{08209B97-939A-42F2-B853-3B77E9128299}.Debug|Any CPU.Build.0 = Debug|Any CPU
		{08209B97-939A-42F2-B853-3B77E9128299}.Release|Any CPU.ActiveCfg = Release|Any CPU
		{08209B97-939A-42F2-B853-3B77E9128299}.Release|Any CPU.Build.0 = Release|Any CPU
		{0A9C3FCD-A814-460F-BB40-E1D0E9DEEDB0}.Debug|Any CPU.ActiveCfg = Debug|Any CPU
		{0A9C3FCD-A814-460F-BB40-E1D0E9DEEDB0}.Debug|Any CPU.Build.0 = Debug|Any CPU
		{0A9C3FCD-A814-460F-BB40-E1D0E9DEEDB0}.Release|Any CPU.ActiveCfg = Release|Any CPU
		{0A9C3FCD-A814-460F-BB40-E1D0E9DEEDB0}.Release|Any CPU.Build.0 = Release|Any CPU
	EndGlobalSection
	GlobalSection(SolutionProperties) = preSolution
		HideSolutionNode = FALSE
	EndGlobalSection
	GlobalSection(NestedProjects) = preSolution
		{A5106E84-2642-48EC-BB59-4664FAACB05F} = {9AF104FE-9719-4C9F-A08F-1267725F7434}
		{AD897FFE-A86E-4AF5-8B69-C1104D3E8A84} = {9AF104FE-9719-4C9F-A08F-1267725F7434}
		{D8E3D147-C34D-4039-ADBF-B4672DEC63BE} = {9AF104FE-9719-4C9F-A08F-1267725F7434}
		{E34ADE30-F9CF-4D98-A775-7A17E1BD64D4} = {30D1EA25-0C5D-44AC-8518-09A36AAF21FC}
		{D6DA8297-89AB-42B5-8B07-53E19854D05A} = {E3800140-68A7-4E11-9040-B418ADCE9A1B}
		{91E8C7F3-DD10-4E4B-9E09-9D3151F44F4E} = {30D1EA25-0C5D-44AC-8518-09A36AAF21FC}
		{0856C756-AE16-4E15-8E6D-D8B472ED5D9C} = {9AF104FE-9719-4C9F-A08F-1267725F7434}
		{05828741-68AC-4DA5-A255-06F4D8BC15CC} = {9AF104FE-9719-4C9F-A08F-1267725F7434}
		{4C990870-0A36-4326-9B14-45A099BED8FB} = {E3800140-68A7-4E11-9040-B418ADCE9A1B}
		{08209B97-939A-42F2-B853-3B77E9128299} = {E3800140-68A7-4E11-9040-B418ADCE9A1B}
		{0A9C3FCD-A814-460F-BB40-E1D0E9DEEDB0} = {9AF104FE-9719-4C9F-A08F-1267725F7434}
	EndGlobalSection
	GlobalSection(ExtensibilityGlobals) = postSolution
		SolutionGuid = {B18A6BFC-735F-446D-8922-6AEA7368F418}
	EndGlobalSection
EndGlobal
